
Microsoft Visual Studio Solution File, Format Version 12.00
# Visual Studio Version 17
VisualStudioVersion = 17.4.33103.184
MinimumVisualStudioVersion = 10.0.40219.1
Project("{9A19103F-16F7-4668-BE54-9A1E7A4F7556}") = "DesignPatterns.FactoryMethod", "DesignPatterns.FactoryMethod\DesignPatterns.FactoryMethod.csproj", "{4974EF96-6FD3-4CF5-8131-44D923EED132}"
EndProject
Project("{9A19103F-16F7-4668-BE54-9A1E7A4F7556}") = "DesignPatterns.AbstractFactory", "DesignPatterns.AbstractFactory\DesignPatterns.AbstractFactory.csproj", "{EA62C7AC-76AF-4984-9D4E-3F004C98046A}"
EndProject
Project("{9A19103F-16F7-4668-BE54-9A1E7A4F7556}") = "DesignPatterns.Builder", "DesignPatterns.Builder\DesignPatterns.Builder.csproj", "{6C77731B-971C-424F-A2FB-9B5E734D092B}"
EndProject
Project("{9A19103F-16F7-4668-BE54-9A1E7A4F7556}") = "DesignPatterns.Adapter", "DesignPatterns.Adapter\DesignPatterns.Adapter.csproj", "{98C381C1-58DD-4DE2-B53F-A30A45F87611}"
EndProject
Project("{9A19103F-16F7-4668-BE54-9A1E7A4F7556}") = "DesignPatterns.ChainOfResponsibility", "DesignPatterns.ChainOfResponsibility\DesignPatterns.ChainOfResponsibility.csproj", "{C9476336-3305-4A23-B693-C2C5CBD39756}"
EndProject
Project("{9A19103F-16F7-4668-BE54-9A1E7A4F7556}") = "DesignPatterns.Mediator", "DesignPatterns.Mediator\DesignPatterns.Mediator.csproj", "{72051611-BB0A-403B-8DC9-A6EAF6741788}"
EndProject
Project("{9A19103F-16F7-4668-BE54-9A1E7A4F7556}") = "DesignPatterns.FactoryMethod.Problem", "DesignPatterns.FactoryMethod.Problem\DesignPatterns.FactoryMethod.Problem.csproj", "{91DA2FE2-6643-4255-8666-BC0C8784450A}"
EndProject
Project("{2150E333-8FDC-42A3-9474-1A3956D46DE8}") = "1_FactoryMethod", "1_FactoryMethod", "{C49CE42C-F8A3-4E0C-B012-D6C757EFDF8A}"
EndProject
Project("{2150E333-8FDC-42A3-9474-1A3956D46DE8}") = "Adapter", "Adapter", "{405BD169-1B43-4DE4-99C6-CE4E45ECDBB9}"
EndProject
Project("{2150E333-8FDC-42A3-9474-1A3956D46DE8}") = "Builder", "Builder", "{3484A7E5-6DCA-4A9B-A850-8766FA01237B}"
EndProject
Project("{2150E333-8FDC-42A3-9474-1A3956D46DE8}") = "Mediator", "Mediator", "{656FEE77-7FBF-4FA2-8253-E30390A4332F}"
EndProject
Project("{2150E333-8FDC-42A3-9474-1A3956D46DE8}") = "2_AbstractFactory", "2_AbstractFactory", "{A58D742F-739D-4BC1-A019-5D4583AF535A}"
EndProject
Project("{2150E333-8FDC-42A3-9474-1A3956D46DE8}") = "ChainOfResponsibility", "ChainOfResponsibility", "{2FD6572A-C16F-4ACF-9F15-8E721DC1C58A}"
EndProject
Project("{FAE04EC0-301F-11D3-BF4B-00C04F79EFBC}") = "DesignPatterns.Adapter.Problem", "DesignPatterns.Adapter.Problem\DesignPatterns.Adapter.Problem.csproj", "{C1AF5F11-7F6F-4F86-B01B-39EC451D40EE}"
EndProject
Global
	GlobalSection(SolutionConfigurationPlatforms) = preSolution
		Debug|Any CPU = Debug|Any CPU
		Release|Any CPU = Release|Any CPU
	EndGlobalSection
	GlobalSection(ProjectConfigurationPlatforms) = postSolution
		{4974EF96-6FD3-4CF5-8131-44D923EED132}.Debug|Any CPU.ActiveCfg = Debug|Any CPU
		{4974EF96-6FD3-4CF5-8131-44D923EED132}.Debug|Any CPU.Build.0 = Debug|Any CPU
		{4974EF96-6FD3-4CF5-8131-44D923EED132}.Release|Any CPU.ActiveCfg = Release|Any CPU
		{4974EF96-6FD3-4CF5-8131-44D923EED132}.Release|Any CPU.Build.0 = Release|Any CPU
		{EA62C7AC-76AF-4984-9D4E-3F004C98046A}.Debug|Any CPU.ActiveCfg = Debug|Any CPU
		{EA62C7AC-76AF-4984-9D4E-3F004C98046A}.Debug|Any CPU.Build.0 = Debug|Any CPU
		{EA62C7AC-76AF-4984-9D4E-3F004C98046A}.Release|Any CPU.ActiveCfg = Release|Any CPU
		{EA62C7AC-76AF-4984-9D4E-3F004C98046A}.Release|Any CPU.Build.0 = Release|Any CPU
		{6C77731B-971C-424F-A2FB-9B5E734D092B}.Debug|Any CPU.ActiveCfg = Debug|Any CPU
		{6C77731B-971C-424F-A2FB-9B5E734D092B}.Debug|Any CPU.Build.0 = Debug|Any CPU
		{6C77731B-971C-424F-A2FB-9B5E734D092B}.Release|Any CPU.ActiveCfg = Release|Any CPU
		{6C77731B-971C-424F-A2FB-9B5E734D092B}.Release|Any CPU.Build.0 = Release|Any CPU
		{98C381C1-58DD-4DE2-B53F-A30A45F87611}.Debug|Any CPU.ActiveCfg = Debug|Any CPU
		{98C381C1-58DD-4DE2-B53F-A30A45F87611}.Debug|Any CPU.Build.0 = Debug|Any CPU
		{98C381C1-58DD-4DE2-B53F-A30A45F87611}.Release|Any CPU.ActiveCfg = Release|Any CPU
		{98C381C1-58DD-4DE2-B53F-A30A45F87611}.Release|Any CPU.Build.0 = Release|Any CPU
		{C9476336-3305-4A23-B693-C2C5CBD39756}.Debug|Any CPU.ActiveCfg = Debug|Any CPU
		{C9476336-3305-4A23-B693-C2C5CBD39756}.Debug|Any CPU.Build.0 = Debug|Any CPU
		{C9476336-3305-4A23-B693-C2C5CBD39756}.Release|Any CPU.ActiveCfg = Release|Any CPU
		{C9476336-3305-4A23-B693-C2C5CBD39756}.Release|Any CPU.Build.0 = Release|Any CPU
		{72051611-BB0A-403B-8DC9-A6EAF6741788}.Debug|Any CPU.ActiveCfg = Debug|Any CPU
		{72051611-BB0A-403B-8DC9-A6EAF6741788}.Debug|Any CPU.Build.0 = Debug|Any CPU
		{72051611-BB0A-403B-8DC9-A6EAF6741788}.Release|Any CPU.ActiveCfg = Release|Any CPU
		{72051611-BB0A-403B-8DC9-A6EAF6741788}.Release|Any CPU.Build.0 = Release|Any CPU
		{91DA2FE2-6643-4255-8666-BC0C8784450A}.Debug|Any CPU.ActiveCfg = Debug|Any CPU
		{91DA2FE2-6643-4255-8666-BC0C8784450A}.Debug|Any CPU.Build.0 = Debug|Any CPU
		{91DA2FE2-6643-4255-8666-BC0C8784450A}.Release|Any CPU.ActiveCfg = Release|Any CPU
		{91DA2FE2-6643-4255-8666-BC0C8784450A}.Release|Any CPU.Build.0 = Release|Any CPU
		{C1AF5F11-7F6F-4F86-B01B-39EC451D40EE}.Debug|Any CPU.ActiveCfg = Debug|Any CPU
		{C1AF5F11-7F6F-4F86-B01B-39EC451D40EE}.Debug|Any CPU.Build.0 = Debug|Any CPU
		{C1AF5F11-7F6F-4F86-B01B-39EC451D40EE}.Release|Any CPU.ActiveCfg = Release|Any CPU
		{C1AF5F11-7F6F-4F86-B01B-39EC451D40EE}.Release|Any CPU.Build.0 = Release|Any CPU
	EndGlobalSection
	GlobalSection(SolutionProperties) = preSolution
		HideSolutionNode = FALSE
	EndGlobalSection
	GlobalSection(NestedProjects) = preSolution
		{4974EF96-6FD3-4CF5-8131-44D923EED132} = {C49CE42C-F8A3-4E0C-B012-D6C757EFDF8A}
		{EA62C7AC-76AF-4984-9D4E-3F004C98046A} = {A58D742F-739D-4BC1-A019-5D4583AF535A}
		{6C77731B-971C-424F-A2FB-9B5E734D092B} = {3484A7E5-6DCA-4A9B-A850-8766FA01237B}
		{98C381C1-58DD-4DE2-B53F-A30A45F87611} = {405BD169-1B43-4DE4-99C6-CE4E45ECDBB9}
		{C9476336-3305-4A23-B693-C2C5CBD39756} = {2FD6572A-C16F-4ACF-9F15-8E721DC1C58A}
		{72051611-BB0A-403B-8DC9-A6EAF6741788} = {656FEE77-7FBF-4FA2-8253-E30390A4332F}
		{91DA2FE2-6643-4255-8666-BC0C8784450A} = {C49CE42C-F8A3-4E0C-B012-D6C757EFDF8A}
		{C1AF5F11-7F6F-4F86-B01B-39EC451D40EE} = {405BD169-1B43-4DE4-99C6-CE4E45ECDBB9}
	EndGlobalSection
	GlobalSection(ExtensibilityGlobals) = postSolution
		SolutionGuid = {3C542E88-EDE1-480A-ABF3-58BBAD065A70}
	EndGlobalSection
EndGlobal
